
Microsoft Visual Studio Solution File, Format Version 12.00
# Visual Studio Version 16
VisualStudioVersion = 16.0.30104.148
MinimumVisualStudioVersion = 10.0.40219.1
Project("{FAE04EC0-301F-11D3-BF4B-00C04F79EFBC}") = "InsuranceAPI", "InsuranceAPI.csproj", "{13086C5D-B211-4A6A-B8A9-1D8B7CCA14A0}"
EndProject
Global
	GlobalSection(SolutionConfigurationPlatforms) = preSolution
		Debug|Any CPU = Debug|Any CPU
		Release|Any CPU = Release|Any CPU
	EndGlobalSection
	GlobalSection(ProjectConfigurationPlatforms) = postSolution
		{13086C5D-B211-4A6A-B8A9-1D8B7CCA14A0}.Debug|Any CPU.ActiveCfg = Debug|Any CPU
		{13086C5D-B211-4A6A-B8A9-1D8B7CCA14A0}.Debug|Any CPU.Build.0 = Debug|Any CPU
		{13086C5D-B211-4A6A-B8A9-1D8B7CCA14A0}.Release|Any CPU.ActiveCfg = Release|Any CPU
		{13086C5D-B211-4A6A-B8A9-1D8B7CCA14A0}.Release|Any CPU.Build.0 = Release|Any CPU
	EndGlobalSection
	GlobalSection(SolutionProperties) = preSolution
		HideSolutionNode = FALSE
	EndGlobalSection
	GlobalSection(ExtensibilityGlobals) = postSolution
		SolutionGuid = {182F4372-DCAA-481C-97C8-8D1D93A60AF0}
	EndGlobalSection
EndGlobal
